// !$*UTF8*$!
{
	archiveVersion = 1;
	classes = {
	};
	objectVersion = 46;
	objects = {

/* Begin PBXBuildFile section */
		187FA4941C037565004919BD /* AppDelegate.swift in Sources */ = {isa = PBXBuildFile; fileRef = 187FA4931C037565004919BD /* AppDelegate.swift */; };
		187FA4961C037565004919BD /* ViewController.swift in Sources */ = {isa = PBXBuildFile; fileRef = 187FA4951C037565004919BD /* ViewController.swift */; };
		187FA4991C037565004919BD /* Main.storyboard in Resources */ = {isa = PBXBuildFile; fileRef = 187FA4971C037565004919BD /* Main.storyboard */; };
		187FA49B1C037565004919BD /* Assets.xcassets in Resources */ = {isa = PBXBuildFile; fileRef = 187FA49A1C037565004919BD /* Assets.xcassets */; };
		187FA49E1C037565004919BD /* LaunchScreen.storyboard in Resources */ = {isa = PBXBuildFile; fileRef = 187FA49C1C037565004919BD /* LaunchScreen.storyboard */; };
/* End PBXBuildFile section */

/* Begin PBXFileReference section */
		187FA4901C037565004919BD /* BlueBird.app */ = {isa = PBXFileReference; explicitFileType = wrapper.application; includeInIndex = 0; path = BlueBird.app; sourceTree = BUILT_PRODUCTS_DIR; };
		187FA4931C037565004919BD /* AppDelegate.swift */ = {isa = PBXFileReference; lastKnownFileType = sourcecode.swift; path = AppDelegate.swift; sourceTree = "<group>"; };
		187FA4951C037565004919BD /* ViewController.swift */ = {isa = PBXFileReference; lastKnownFileType = sourcecode.swift; path = ViewController.swift; sourceTree = "<group>"; };
		187FA4981C037565004919BD /* Base */ = {isa = PBXFileReference; lastKnownFileType = file.storyboard; name = Base; path = Base.lproj/Main.storyboard; sourceTree = "<group>"; };
		187FA49A1C037565004919BD /* Assets.xcassets */ = {isa = PBXFileReference; lastKnownFileType = folder.assetcatalog; path = Assets.xcassets; sourceTree = "<group>"; };
		187FA49D1C037565004919BD /* Base */ = {isa = PBXFileReference; lastKnownFileType = file.storyboard; name = Base; path = Base.lproj/LaunchScreen.storyboard; sourceTree = "<group>"; };
		187FA49F1C037565004919BD /* Info.plist */ = {isa = PBXFileReference; lastKnownFileType = text.plist.xml; path = Info.plist; sourceTree = "<group>"; };
/* End PBXFileReference section */

/* Begin PBXFrameworksBuildPhase section */
		187FA48D1C037565004919BD /* Frameworks */ = {
			isa = PBXFrameworksBuildPhase;
			buildActionMask = 2147483647;
			files = (
			);
			runOnlyForDeploymentPostprocessing = 0;
		};
/* End PBXFrameworksBuildPhase section */

/* Begin PBXGroup section */
		187FA4871C037565004919BD = {
			isa = PBXGroup;
			children = (
				187FA4921C037565004919BD /* BlueBird */,
				187FA4911C037565004919BD /* Products */,
			);
			sourceTree = "<group>";
		};
		187FA4911C037565004919BD /* Products */ = {
			isa = PBXGroup;
			children = (
				187FA4901C037565004919BD /* BlueBird.app */,
			);
			name = Products;
			sourceTree = "<group>";
		};
		187FA4921C037565004919BD /* BlueBird */ = {
			isa = PBXGroup;
			children = (
				187FA4931C037565004919BD /* AppDelegate.swift */,
				187FA4951C037565004919BD /* ViewController.swift */,
				187FA4971C037565004919BD /* Main.storyboard */,
				187FA49A1C037565004919BD /* Assets.xcassets */,
				187FA49C1C037565004919BD /* LaunchScreen.storyboard */,
				187FA49F1C037565004919BD /* Info.plist */,
			);
			path = BlueBird;
			sourceTree = "<group>";
		};
/* End PBXGroup section */

/* Begin PBXNativeTarget section */
		187FA48F1C037565004919BD /* BlueBird */ = {
			isa = PBXNativeTarget;
			buildConfigurationList = 187FA4A21C037565004919BD /* Build configuration list for PBXNativeTarget "BlueBird" */;
			buildPhases = (
				187FA48C1C037565004919BD /* Sources */,
				187FA48D1C037565004919BD /* Frameworks */,
				187FA48E1C037565004919BD /* Resources */,
			);
			buildRules = (
			);
			dependencies = (
			);
			name = BlueBird;
			productName = BlueBird;
			productReference = 187FA4901C037565004919BD /* BlueBird.app */;
			productType = "com.apple.product-type.application";
		};
/* End PBXNativeTarget section */

/* Begin PBXProject section */
		187FA4881C037565004919BD /* Project object */ = {
			isa = PBXProject;
			attributes = {
				LastSwiftUpdateCheck = 0710;
				LastUpgradeCheck = 0710;
				ORGANIZATIONNAME = "Dave Vo";
				TargetAttributes = {
					187FA48F1C037565004919BD = {
						CreatedOnToolsVersion = 7.1.1;
						DevelopmentTeam = QCBK6P7M2R;
					};
				};
			};
			buildConfigurationList = 187FA48B1C037565004919BD /* Build configuration list for PBXProject "BlueBird" */;
			compatibilityVersion = "Xcode 3.2";
			developmentRegion = English;
			hasScannedForEncodings = 0;
			knownRegions = (
				en,
				Base,
			);
			mainGroup = 187FA4871C037565004919BD;
			productRefGroup = 187FA4911C037565004919BD /* Products */;
			projectDirPath = "";
			projectRoot = "";
			targets = (
				187FA48F1C037565004919BD /* BlueBird */,
			);
		};
/* End PBXProject section */

/* Begin PBXResourcesBuildPhase section */
		187FA48E1C037565004919BD /* Resources */ = {
			isa = PBXResourcesBuildPhase;
			buildActionMask = 2147483647;
			files = (
				187FA49E1C037565004919BD /* LaunchScreen.storyboard in Resources */,
				187FA49B1C037565004919BD /* Assets.xcassets in Resources */,
				187FA4991C037565004919BD /* Main.storyboard in Resources */,
			);
			runOnlyForDeploymentPostprocessing = 0;
		};
/* End PBXResourcesBuildPhase section */

/* Begin PBXSourcesBuildPhase section */
		187FA48C1C037565004919BD /* Sources */ = {
			isa = PBXSourcesBuildPhase;
			buildActionMask = 2147483647;
			files = (
				187FA4961C037565004919BD /* ViewController.swift in Sources */,
				187FA4941C037565004919BD /* AppDelegate.swift in Sources */,
			);
			runOnlyForDeploymentPostprocessing = 0;
		};
/* End PBXSourcesBuildPhase section */

/* Begin PBXVariantGroup section */
		187FA4971C037565004919BD /* Main.storyboard */ = {
			isa = PBXVariantGroup;
			children = (
				187FA4981C037565004919BD /* Base */,
			);
			name = Main.storyboard;
			sourceTree = "<group>";
		};
		187FA49C1C037565004919BD /* LaunchScreen.storyboard */ = {
			isa = PBXVariantGroup;
			children = (
				187FA49D1C037565004919BD /* Base */,
			);
			name = LaunchScreen.storyboard;
			sourceTree = "<group>";
		};
/* End PBXVariantGroup section */

/* Begin XCBuildConfiguration section */
		187FA4A01C037565004919BD /* Debug */ = {
			isa = XCBuildConfiguration;
			buildSettings = {
				ALWAYS_SEARCH_USER_PATHS = NO;
				CLANG_CXX_LANGUAGE_STANDARD = "gnu++0x";
				CLANG_CXX_LIBRARY = "libc++";
				CLANG_ENABLE_MODULES = YES;
				CLANG_ENABLE_OBJC_ARC = YES;
				CLANG_WARN_BOOL_CONVERSION = YES;
				CLANG_WARN_CONSTANT_CONVERSION = YES;
				CLANG_WARN_DIRECT_OBJC_ISA_USAGE = YES_ERROR;
				CLANG_WARN_EMPTY_BODY = YES;
				CLANG_WARN_ENUM_CONVERSION = YES;
				CLANG_WARN_INT_CONVERSION = YES;
				CLANG_WARN_OBJC_ROOT_CLASS = YES_ERROR;
				CLANG_WARN_UNREACHABLE_CODE = YES;
				CLANG_WARN__DUPLICATE_METHOD_MATCH = YES;
				"CODE_SIGN_IDENTITY[sdk=iphoneos*]" = "iPhone Developer";
				COPY_PHASE_STRIP = NO;
				DEBUG_INFORMATION_FORMAT = dwarf;
				ENABLE_STRICT_OBJC_MSGSEND = YES;
				ENABLE_TESTABILITY = YES;
				GCC_C_LANGUAGE_STANDARD = gnu99;
				GCC_DYNAMIC_NO_PIC = NO;
				GCC_NO_COMMON_BLOCKS = YES;
				GCC_OPTIMIZATION_LEVEL = 0;
				GCC_PREPROCESSOR_DEFINITIONS = (
					"DEBUG=1",
					"$(inherited)",
				);
				GCC_WARN_64_TO_32_BIT_CONVERSION = YES;
				GCC_WARN_ABOUT_RETURN_TYPE = YES_ERROR;
				GCC_WARN_UNDECLARED_SELECTOR = YES;
				GCC_WARN_UNINITIALIZED_AUTOS = YES_AGGRESSIVE;
				GCC_WARN_UNUSED_FUNCTION = YES;
				GCC_WARN_UNUSED_VARIABLE = YES;
				IPHONEOS_DEPLOYMENT_TARGET = 9.1;
				MTL_ENABLE_DEBUG_INFO = YES;
				ONLY_ACTIVE_ARCH = YES;
				SDKROOT = iphoneos;
				SWIFT_OPTIMIZATION_LEVEL = "-Onone";
			};
			name = Debug;
		};
		187FA4A11C037565004919BD /* Release */ = {
			isa = XCBuildConfiguration;
			buildSettings = {
				ALWAYS_SEARCH_USER_PATHS = NO;
				CLANG_CXX_LANGUAGE_STANDARD = "gnu++0x";
				CLANG_CXX_LIBRARY = "libc++";
				CLANG_ENABLE_MODULES = YES;
				CLANG_ENABLE_OBJC_ARC = YES;
				CLANG_WARN_BOOL_CONVERSION = YES;
				CLANG_WARN_CONSTANT_CONVERSION = YES;
				CLANG_WARN_DIRECT_OBJC_ISA_USAGE = YES_ERROR;
				CLANG_WARN_EMPTY_BODY = YES;
				CLANG_WARN_ENUM_CONVERSION = YES;
				CLANG_WARN_INT_CONVERSION = YES;
				CLANG_WARN_OBJC_ROOT_CLASS = YES_ERROR;
				CLANG_WARN_UNREACHABLE_CODE = YES;
				CLANG_WARN__DUPLICATE_METHOD_MATCH = YES;
				"CODE_SIGN_IDENTITY[sdk=iphoneos*]" = "iPhone Developer";
				COPY_PHASE_STRIP = NO;
				DEBUG_INFORMATION_FORMAT = "dwarf-with-dsym";
				ENABLE_NS_ASSERTIONS = NO;
				ENABLE_STRICT_OBJC_MSGSEND = YES;
				GCC_C_LANGUAGE_STANDARD = gnu99;
				GCC_NO_COMMON_BLOCKS = YES;
				GCC_WARN_64_TO_32_BIT_CONVERSION = YES;
				GCC_WARN_ABOUT_RETURN_TYPE = YES_ERROR;
				GCC_WARN_UNDECLARED_SELECTOR = YES;
				GCC_WARN_UNINITIALIZED_AUTOS = YES_AGGRESSIVE;
				GCC_WARN_UNUSED_FUNCTION = YES;
				GCC_WARN_UNUSED_VARIABLE = YES;
				IPHONEOS_DEPLOYMENT_TARGET = 9.1;
				MTL_ENABLE_DEBUG_INFO = NO;
				SDKROOT = iphoneos;
				VALIDATE_PRODUCT = YES;
			};
			name = Release;
		};
		187FA4A31C037565004919BD /* Debug */ = {
			isa = XCBuildConfiguration;
			buildSettings = {
				ASSETCATALOG_COMPILER_APPICON_NAME = AppIcon;
				INFOPLIST_FILE = BlueBird/Info.plist;
				LD_RUNPATH_SEARCH_PATHS = "$(inherited) @executable_path/Frameworks";
				PRODUCT_BUNDLE_IDENTIFIER = com.drm.BlueBird;
				PRODUCT_NAME = "$(TARGET_NAME)";
			};
			name = Debug;
		};
		187FA4A41C037565004919BD /* Release */ = {
			isa = XCBuildConfiguration;
			buildSettings = {
				ASSETCATALOG_COMPILER_APPICON_NAME = AppIcon;
				INFOPLIST_FILE = BlueBird/Info.plist;
				LD_RUNPATH_SEARCH_PATHS = "$(inherited) @executable_path/Frameworks";
				PRODUCT_BUNDLE_IDENTIFIER = com.drm.BlueBird;
				PRODUCT_NAME = "$(TARGET_NAME)";
			};
			name = Release;
		};
/* End XCBuildConfiguration section */

/* Begin XCConfigurationList section */
		187FA48B1C037565004919BD /* Build configuration list for PBXProject "BlueBird" */ = {
			isa = XCConfigurationList;
			buildConfigurations = (
				187FA4A01C037565004919BD /* Debug */,
				187FA4A11C037565004919BD /* Release */,
			);
			defaultConfigurationIsVisible = 0;
			defaultConfigurationName = Release;
		};
		187FA4A21C037565004919BD /* Build configuration list for PBXNativeTarget "BlueBird" */ = {
			isa = XCConfigurationList;
			buildConfigurations = (
				187FA4A31C037565004919BD /* Debug */,
				187FA4A41C037565004919BD /* Release */,
			);
			defaultConfigurationIsVisible = 0;
		};
/* End XCConfigurationList section */
	};
	rootObject = 187FA4881C037565004919BD /* Project object */;
}
